
Microsoft Visual Studio Solution File, Format Version 12.00
Project("{2150E333-8FDC-42A3-9474-1A3956D46DE8}") = "Farkle Module", "Farkle Module", "{88DC3DC0-4EC0-4073-A2C8-D03FFDACA728}"
EndProject
Project("{FAE04EC0-301F-11D3-BF4B-00C04F79EFBC}") = "Farkle", "src\Farkle\Farkle.csproj", "{8C7779D7-3DF6-4CE6-AB8E-E1817617BFB6}"
EndProject
Project("{FAE04EC0-301F-11D3-BF4B-00C04F79EFBC}") = "Farkle.Contracts", "src\Farkle.Contracts\Farkle.Contracts.csproj", "{7345894B-C903-4DC4-9DB0-687F24329E13}"
EndProject
Project("{FAE04EC0-301F-11D3-BF4B-00C04F79EFBC}") = "Farkle.SharedKernel", "src\Farkle.SharedKernel\Farkle.SharedKernel.csproj", "{94EC0B39-2202-407A-9D30-138B1B400E78}"
EndProject
Project("{FAE04EC0-301F-11D3-BF4B-00C04F79EFBC}") = "WebApp.Client", "src\WebApp.Client\WebApp.Client.csproj", "{B07A9D66-A5FE-46AF-8E33-DB9DCC1BD7D0}"
EndProject
Project("{FAE04EC0-301F-11D3-BF4B-00C04F79EFBC}") = "WebApp", "src\WebApp\WebApp.csproj", "{082F8608-EA93-4850-B34D-5EB2F8C78213}"
EndProject
Project("{2150E333-8FDC-42A3-9474-1A3956D46DE8}") = "tests", "tests", "{429E4E3B-7CDB-4ABE-96DB-EBFF4494B3B3}"
EndProject
Project("{FAE04EC0-301F-11D3-BF4B-00C04F79EFBC}") = "Farkle.Tests", "tests\Farkle.Tests\Farkle.Tests.csproj", "{36178C4F-8477-495A-92BC-D8AF1CC64B6A}"
EndProject
Project("{FAE04EC0-301F-11D3-BF4B-00C04F79EFBC}") = "Farkle.WebTests", "tests\Farkle.WebTests\Farkle.WebTests.csproj", "{BBECCBAB-FF22-4D4B-80AA-DC275DADBD66}"
EndProject
Project("{FAE04EC0-301F-11D3-BF4B-00C04F79EFBC}") = "Farkle.SpaTests", "tests\Farkle.SpaTests\Farkle.SpaTests.csproj", "{8F53ED31-033E-45FA-9700-9CD3DC29D6D2}"
EndProject
Project("{2150E333-8FDC-42A3-9474-1A3956D46DE8}") = ".github", ".github", "{A6E29EB8-B644-41A8-A5DF-D06369BC4797}"
EndProject
Project("{2150E333-8FDC-42A3-9474-1A3956D46DE8}") = "Solution Items", "Solution Items", "{7D7CA886-DF51-4B34-81D0-E837F62E9DD1}"
	ProjectSection(SolutionItems) = preProject
		docker-compose.yml = docker-compose.yml
	EndProjectSection
EndProject
Project("{FAE04EC0-301F-11D3-BF4B-00C04F79EFBC}") = "Farkle.E2eTests", "tests\Farkle.E2eTests\Farkle.E2eTests.csproj", "{F54A42F2-91A0-4087-AA4C-384F634AB390}"
EndProject
Project("{FAE04EC0-301F-11D3-BF4B-00C04F79EFBC}") = "Farkle.ApiClient", "src\Farkle.ApiClient\Farkle.ApiClient.csproj", "{DF5FCA86-1B7A-4A87-953E-94ED0E8890B0}"
EndProject
Project("{FAE04EC0-301F-11D3-BF4B-00C04F79EFBC}") = "Farkle.ArchitectureTests", "tests\Farkle.ArchitectureTests\Farkle.ArchitectureTests.csproj", "{BD83F35D-ACDD-49B3-AFEA-4C8C0A247B80}"
EndProject
Project("{2150E333-8FDC-42A3-9474-1A3956D46DE8}") = "src", "src", "{827E0CD3-B72D-47B6-A68D-7590B98EB39B}"
EndProject
Project("{FAE04EC0-301F-11D3-BF4B-00C04F79EFBC}") = "Farkle.Infrastructure", "src\Farkle.Infrastructure\Farkle.Infrastructure.csproj", "{352D9E31-9171-42CF-A18A-07E3BEC29A6D}"
EndProject
Project("{FAE04EC0-301F-11D3-BF4B-00C04F79EFBC}") = "Blazor.Dice", "src\Blazor.Dice\Blazor.Dice.csproj", "{7216F610-4CB6-4FFB-A9C1-BE8EA3D0FDDE}"
EndProject
Project("{FAE04EC0-301F-11D3-BF4B-00C04F79EFBC}") = "Blazor.Dice.Tests", "tests\Blazor.Dice.Tests\Blazor.Dice.Tests.csproj", "{3E062499-07DC-4503-A581-F25241B25C76}"
EndProject
Global
	GlobalSection(SolutionConfigurationPlatforms) = preSolution
		Debug|Any CPU = Debug|Any CPU
		Debug|x64 = Debug|x64
		Debug|x86 = Debug|x86
		Release|Any CPU = Release|Any CPU
		Release|x64 = Release|x64
		Release|x86 = Release|x86
	EndGlobalSection
	GlobalSection(ProjectConfigurationPlatforms) = postSolution
		{8C7779D7-3DF6-4CE6-AB8E-E1817617BFB6}.Debug|Any CPU.ActiveCfg = Debug|Any CPU
		{8C7779D7-3DF6-4CE6-AB8E-E1817617BFB6}.Debug|Any CPU.Build.0 = Debug|Any CPU
		{8C7779D7-3DF6-4CE6-AB8E-E1817617BFB6}.Debug|x64.ActiveCfg = Debug|Any CPU
		{8C7779D7-3DF6-4CE6-AB8E-E1817617BFB6}.Debug|x64.Build.0 = Debug|Any CPU
		{8C7779D7-3DF6-4CE6-AB8E-E1817617BFB6}.Debug|x86.ActiveCfg = Debug|Any CPU
		{8C7779D7-3DF6-4CE6-AB8E-E1817617BFB6}.Debug|x86.Build.0 = Debug|Any CPU
		{8C7779D7-3DF6-4CE6-AB8E-E1817617BFB6}.Release|Any CPU.ActiveCfg = Release|Any CPU
		{8C7779D7-3DF6-4CE6-AB8E-E1817617BFB6}.Release|Any CPU.Build.0 = Release|Any CPU
		{8C7779D7-3DF6-4CE6-AB8E-E1817617BFB6}.Release|x64.ActiveCfg = Release|Any CPU
		{8C7779D7-3DF6-4CE6-AB8E-E1817617BFB6}.Release|x64.Build.0 = Release|Any CPU
		{8C7779D7-3DF6-4CE6-AB8E-E1817617BFB6}.Release|x86.ActiveCfg = Release|Any CPU
		{8C7779D7-3DF6-4CE6-AB8E-E1817617BFB6}.Release|x86.Build.0 = Release|Any CPU
		{7345894B-C903-4DC4-9DB0-687F24329E13}.Debug|Any CPU.ActiveCfg = Debug|Any CPU
		{7345894B-C903-4DC4-9DB0-687F24329E13}.Debug|Any CPU.Build.0 = Debug|Any CPU
		{7345894B-C903-4DC4-9DB0-687F24329E13}.Debug|x64.ActiveCfg = Debug|Any CPU
		{7345894B-C903-4DC4-9DB0-687F24329E13}.Debug|x64.Build.0 = Debug|Any CPU
		{7345894B-C903-4DC4-9DB0-687F24329E13}.Debug|x86.ActiveCfg = Debug|Any CPU
		{7345894B-C903-4DC4-9DB0-687F24329E13}.Debug|x86.Build.0 = Debug|Any CPU
		{7345894B-C903-4DC4-9DB0-687F24329E13}.Release|Any CPU.ActiveCfg = Release|Any CPU
		{7345894B-C903-4DC4-9DB0-687F24329E13}.Release|Any CPU.Build.0 = Release|Any CPU
		{7345894B-C903-4DC4-9DB0-687F24329E13}.Release|x64.ActiveCfg = Release|Any CPU
		{7345894B-C903-4DC4-9DB0-687F24329E13}.Release|x64.Build.0 = Release|Any CPU
		{7345894B-C903-4DC4-9DB0-687F24329E13}.Release|x86.ActiveCfg = Release|Any CPU
		{7345894B-C903-4DC4-9DB0-687F24329E13}.Release|x86.Build.0 = Release|Any CPU
		{94EC0B39-2202-407A-9D30-138B1B400E78}.Debug|Any CPU.ActiveCfg = Debug|Any CPU
		{94EC0B39-2202-407A-9D30-138B1B400E78}.Debug|Any CPU.Build.0 = Debug|Any CPU
		{94EC0B39-2202-407A-9D30-138B1B400E78}.Debug|x64.ActiveCfg = Debug|Any CPU
		{94EC0B39-2202-407A-9D30-138B1B400E78}.Debug|x64.Build.0 = Debug|Any CPU
		{94EC0B39-2202-407A-9D30-138B1B400E78}.Debug|x86.ActiveCfg = Debug|Any CPU
		{94EC0B39-2202-407A-9D30-138B1B400E78}.Debug|x86.Build.0 = Debug|Any CPU
		{94EC0B39-2202-407A-9D30-138B1B400E78}.Release|Any CPU.ActiveCfg = Release|Any CPU
		{94EC0B39-2202-407A-9D30-138B1B400E78}.Release|Any CPU.Build.0 = Release|Any CPU
		{94EC0B39-2202-407A-9D30-138B1B400E78}.Release|x64.ActiveCfg = Release|Any CPU
		{94EC0B39-2202-407A-9D30-138B1B400E78}.Release|x64.Build.0 = Release|Any CPU
		{94EC0B39-2202-407A-9D30-138B1B400E78}.Release|x86.ActiveCfg = Release|Any CPU
		{94EC0B39-2202-407A-9D30-138B1B400E78}.Release|x86.Build.0 = Release|Any CPU
		{B07A9D66-A5FE-46AF-8E33-DB9DCC1BD7D0}.Debug|Any CPU.ActiveCfg = Debug|Any CPU
		{B07A9D66-A5FE-46AF-8E33-DB9DCC1BD7D0}.Debug|Any CPU.Build.0 = Debug|Any CPU
		{B07A9D66-A5FE-46AF-8E33-DB9DCC1BD7D0}.Debug|x64.ActiveCfg = Debug|Any CPU
		{B07A9D66-A5FE-46AF-8E33-DB9DCC1BD7D0}.Debug|x64.Build.0 = Debug|Any CPU
		{B07A9D66-A5FE-46AF-8E33-DB9DCC1BD7D0}.Debug|x86.ActiveCfg = Debug|Any CPU
		{B07A9D66-A5FE-46AF-8E33-DB9DCC1BD7D0}.Debug|x86.Build.0 = Debug|Any CPU
		{B07A9D66-A5FE-46AF-8E33-DB9DCC1BD7D0}.Release|Any CPU.ActiveCfg = Release|Any CPU
		{B07A9D66-A5FE-46AF-8E33-DB9DCC1BD7D0}.Release|Any CPU.Build.0 = Release|Any CPU
		{B07A9D66-A5FE-46AF-8E33-DB9DCC1BD7D0}.Release|x64.ActiveCfg = Release|Any CPU
		{B07A9D66-A5FE-46AF-8E33-DB9DCC1BD7D0}.Release|x64.Build.0 = Release|Any CPU
		{B07A9D66-A5FE-46AF-8E33-DB9DCC1BD7D0}.Release|x86.ActiveCfg = Release|Any CPU
		{B07A9D66-A5FE-46AF-8E33-DB9DCC1BD7D0}.Release|x86.Build.0 = Release|Any CPU
		{082F8608-EA93-4850-B34D-5EB2F8C78213}.Debug|Any CPU.ActiveCfg = Debug|Any CPU
		{082F8608-EA93-4850-B34D-5EB2F8C78213}.Debug|Any CPU.Build.0 = Debug|Any CPU
		{082F8608-EA93-4850-B34D-5EB2F8C78213}.Debug|x64.ActiveCfg = Debug|Any CPU
		{082F8608-EA93-4850-B34D-5EB2F8C78213}.Debug|x64.Build.0 = Debug|Any CPU
		{082F8608-EA93-4850-B34D-5EB2F8C78213}.Debug|x86.ActiveCfg = Debug|Any CPU
		{082F8608-EA93-4850-B34D-5EB2F8C78213}.Debug|x86.Build.0 = Debug|Any CPU
		{082F8608-EA93-4850-B34D-5EB2F8C78213}.Release|Any CPU.ActiveCfg = Release|Any CPU
		{082F8608-EA93-4850-B34D-5EB2F8C78213}.Release|Any CPU.Build.0 = Release|Any CPU
		{082F8608-EA93-4850-B34D-5EB2F8C78213}.Release|x64.ActiveCfg = Release|Any CPU
		{082F8608-EA93-4850-B34D-5EB2F8C78213}.Release|x64.Build.0 = Release|Any CPU
		{082F8608-EA93-4850-B34D-5EB2F8C78213}.Release|x86.ActiveCfg = Release|Any CPU
		{082F8608-EA93-4850-B34D-5EB2F8C78213}.Release|x86.Build.0 = Release|Any CPU
		{36178C4F-8477-495A-92BC-D8AF1CC64B6A}.Debug|Any CPU.ActiveCfg = Debug|Any CPU
		{36178C4F-8477-495A-92BC-D8AF1CC64B6A}.Debug|Any CPU.Build.0 = Debug|Any CPU
		{36178C4F-8477-495A-92BC-D8AF1CC64B6A}.Debug|x64.ActiveCfg = Debug|Any CPU
		{36178C4F-8477-495A-92BC-D8AF1CC64B6A}.Debug|x64.Build.0 = Debug|Any CPU
		{36178C4F-8477-495A-92BC-D8AF1CC64B6A}.Debug|x86.ActiveCfg = Debug|Any CPU
		{36178C4F-8477-495A-92BC-D8AF1CC64B6A}.Debug|x86.Build.0 = Debug|Any CPU
		{36178C4F-8477-495A-92BC-D8AF1CC64B6A}.Release|Any CPU.ActiveCfg = Release|Any CPU
		{36178C4F-8477-495A-92BC-D8AF1CC64B6A}.Release|Any CPU.Build.0 = Release|Any CPU
		{36178C4F-8477-495A-92BC-D8AF1CC64B6A}.Release|x64.ActiveCfg = Release|Any CPU
		{36178C4F-8477-495A-92BC-D8AF1CC64B6A}.Release|x64.Build.0 = Release|Any CPU
		{36178C4F-8477-495A-92BC-D8AF1CC64B6A}.Release|x86.ActiveCfg = Release|Any CPU
		{36178C4F-8477-495A-92BC-D8AF1CC64B6A}.Release|x86.Build.0 = Release|Any CPU
		{BBECCBAB-FF22-4D4B-80AA-DC275DADBD66}.Debug|Any CPU.ActiveCfg = Debug|Any CPU
		{BBECCBAB-FF22-4D4B-80AA-DC275DADBD66}.Debug|Any CPU.Build.0 = Debug|Any CPU
		{BBECCBAB-FF22-4D4B-80AA-DC275DADBD66}.Debug|x64.ActiveCfg = Debug|Any CPU
		{BBECCBAB-FF22-4D4B-80AA-DC275DADBD66}.Debug|x64.Build.0 = Debug|Any CPU
		{BBECCBAB-FF22-4D4B-80AA-DC275DADBD66}.Debug|x86.ActiveCfg = Debug|Any CPU
		{BBECCBAB-FF22-4D4B-80AA-DC275DADBD66}.Debug|x86.Build.0 = Debug|Any CPU
		{BBECCBAB-FF22-4D4B-80AA-DC275DADBD66}.Release|Any CPU.ActiveCfg = Release|Any CPU
		{BBECCBAB-FF22-4D4B-80AA-DC275DADBD66}.Release|Any CPU.Build.0 = Release|Any CPU
		{BBECCBAB-FF22-4D4B-80AA-DC275DADBD66}.Release|x64.ActiveCfg = Release|Any CPU
		{BBECCBAB-FF22-4D4B-80AA-DC275DADBD66}.Release|x64.Build.0 = Release|Any CPU
		{BBECCBAB-FF22-4D4B-80AA-DC275DADBD66}.Release|x86.ActiveCfg = Release|Any CPU
		{BBECCBAB-FF22-4D4B-80AA-DC275DADBD66}.Release|x86.Build.0 = Release|Any CPU
		{8F53ED31-033E-45FA-9700-9CD3DC29D6D2}.Debug|Any CPU.ActiveCfg = Debug|Any CPU
		{8F53ED31-033E-45FA-9700-9CD3DC29D6D2}.Debug|Any CPU.Build.0 = Debug|Any CPU
		{8F53ED31-033E-45FA-9700-9CD3DC29D6D2}.Debug|x64.ActiveCfg = Debug|Any CPU
		{8F53ED31-033E-45FA-9700-9CD3DC29D6D2}.Debug|x64.Build.0 = Debug|Any CPU
		{8F53ED31-033E-45FA-9700-9CD3DC29D6D2}.Debug|x86.ActiveCfg = Debug|Any CPU
		{8F53ED31-033E-45FA-9700-9CD3DC29D6D2}.Debug|x86.Build.0 = Debug|Any CPU
		{8F53ED31-033E-45FA-9700-9CD3DC29D6D2}.Release|Any CPU.ActiveCfg = Release|Any CPU
		{8F53ED31-033E-45FA-9700-9CD3DC29D6D2}.Release|Any CPU.Build.0 = Release|Any CPU
		{8F53ED31-033E-45FA-9700-9CD3DC29D6D2}.Release|x64.ActiveCfg = Release|Any CPU
		{8F53ED31-033E-45FA-9700-9CD3DC29D6D2}.Release|x64.Build.0 = Release|Any CPU
		{8F53ED31-033E-45FA-9700-9CD3DC29D6D2}.Release|x86.ActiveCfg = Release|Any CPU
		{8F53ED31-033E-45FA-9700-9CD3DC29D6D2}.Release|x86.Build.0 = Release|Any CPU
		{F54A42F2-91A0-4087-AA4C-384F634AB390}.Debug|Any CPU.ActiveCfg = Debug|Any CPU
		{F54A42F2-91A0-4087-AA4C-384F634AB390}.Debug|Any CPU.Build.0 = Debug|Any CPU
		{F54A42F2-91A0-4087-AA4C-384F634AB390}.Debug|x64.ActiveCfg = Debug|Any CPU
		{F54A42F2-91A0-4087-AA4C-384F634AB390}.Debug|x64.Build.0 = Debug|Any CPU
		{F54A42F2-91A0-4087-AA4C-384F634AB390}.Debug|x86.ActiveCfg = Debug|Any CPU
		{F54A42F2-91A0-4087-AA4C-384F634AB390}.Debug|x86.Build.0 = Debug|Any CPU
		{F54A42F2-91A0-4087-AA4C-384F634AB390}.Release|Any CPU.ActiveCfg = Release|Any CPU
		{F54A42F2-91A0-4087-AA4C-384F634AB390}.Release|Any CPU.Build.0 = Release|Any CPU
		{F54A42F2-91A0-4087-AA4C-384F634AB390}.Release|x64.ActiveCfg = Release|Any CPU
		{F54A42F2-91A0-4087-AA4C-384F634AB390}.Release|x64.Build.0 = Release|Any CPU
		{F54A42F2-91A0-4087-AA4C-384F634AB390}.Release|x86.ActiveCfg = Release|Any CPU
		{F54A42F2-91A0-4087-AA4C-384F634AB390}.Release|x86.Build.0 = Release|Any CPU
		{DF5FCA86-1B7A-4A87-953E-94ED0E8890B0}.Debug|Any CPU.ActiveCfg = Debug|Any CPU
		{DF5FCA86-1B7A-4A87-953E-94ED0E8890B0}.Debug|Any CPU.Build.0 = Debug|Any CPU
		{DF5FCA86-1B7A-4A87-953E-94ED0E8890B0}.Debug|x64.ActiveCfg = Debug|Any CPU
		{DF5FCA86-1B7A-4A87-953E-94ED0E8890B0}.Debug|x64.Build.0 = Debug|Any CPU
		{DF5FCA86-1B7A-4A87-953E-94ED0E8890B0}.Debug|x86.ActiveCfg = Debug|Any CPU
		{DF5FCA86-1B7A-4A87-953E-94ED0E8890B0}.Debug|x86.Build.0 = Debug|Any CPU
		{DF5FCA86-1B7A-4A87-953E-94ED0E8890B0}.Release|Any CPU.ActiveCfg = Release|Any CPU
		{DF5FCA86-1B7A-4A87-953E-94ED0E8890B0}.Release|Any CPU.Build.0 = Release|Any CPU
		{DF5FCA86-1B7A-4A87-953E-94ED0E8890B0}.Release|x64.ActiveCfg = Release|Any CPU
		{DF5FCA86-1B7A-4A87-953E-94ED0E8890B0}.Release|x64.Build.0 = Release|Any CPU
		{DF5FCA86-1B7A-4A87-953E-94ED0E8890B0}.Release|x86.ActiveCfg = Release|Any CPU
		{DF5FCA86-1B7A-4A87-953E-94ED0E8890B0}.Release|x86.Build.0 = Release|Any CPU
		{BD83F35D-ACDD-49B3-AFEA-4C8C0A247B80}.Debug|Any CPU.ActiveCfg = Debug|Any CPU
		{BD83F35D-ACDD-49B3-AFEA-4C8C0A247B80}.Debug|Any CPU.Build.0 = Debug|Any CPU
		{BD83F35D-ACDD-49B3-AFEA-4C8C0A247B80}.Debug|x64.ActiveCfg = Debug|Any CPU
		{BD83F35D-ACDD-49B3-AFEA-4C8C0A247B80}.Debug|x64.Build.0 = Debug|Any CPU
		{BD83F35D-ACDD-49B3-AFEA-4C8C0A247B80}.Debug|x86.ActiveCfg = Debug|Any CPU
		{BD83F35D-ACDD-49B3-AFEA-4C8C0A247B80}.Debug|x86.Build.0 = Debug|Any CPU
		{BD83F35D-ACDD-49B3-AFEA-4C8C0A247B80}.Release|Any CPU.ActiveCfg = Release|Any CPU
		{BD83F35D-ACDD-49B3-AFEA-4C8C0A247B80}.Release|Any CPU.Build.0 = Release|Any CPU
		{BD83F35D-ACDD-49B3-AFEA-4C8C0A247B80}.Release|x64.ActiveCfg = Release|Any CPU
		{BD83F35D-ACDD-49B3-AFEA-4C8C0A247B80}.Release|x64.Build.0 = Release|Any CPU
		{BD83F35D-ACDD-49B3-AFEA-4C8C0A247B80}.Release|x86.ActiveCfg = Release|Any CPU
		{BD83F35D-ACDD-49B3-AFEA-4C8C0A247B80}.Release|x86.Build.0 = Release|Any CPU
		{352D9E31-9171-42CF-A18A-07E3BEC29A6D}.Debug|Any CPU.ActiveCfg = Debug|Any CPU
		{352D9E31-9171-42CF-A18A-07E3BEC29A6D}.Debug|Any CPU.Build.0 = Debug|Any CPU
		{352D9E31-9171-42CF-A18A-07E3BEC29A6D}.Debug|x64.ActiveCfg = Debug|Any CPU
		{352D9E31-9171-42CF-A18A-07E3BEC29A6D}.Debug|x64.Build.0 = Debug|Any CPU
		{352D9E31-9171-42CF-A18A-07E3BEC29A6D}.Debug|x86.ActiveCfg = Debug|Any CPU
		{352D9E31-9171-42CF-A18A-07E3BEC29A6D}.Debug|x86.Build.0 = Debug|Any CPU
		{352D9E31-9171-42CF-A18A-07E3BEC29A6D}.Release|Any CPU.ActiveCfg = Release|Any CPU
		{352D9E31-9171-42CF-A18A-07E3BEC29A6D}.Release|Any CPU.Build.0 = Release|Any CPU
		{352D9E31-9171-42CF-A18A-07E3BEC29A6D}.Release|x64.ActiveCfg = Release|Any CPU
		{352D9E31-9171-42CF-A18A-07E3BEC29A6D}.Release|x64.Build.0 = Release|Any CPU
		{352D9E31-9171-42CF-A18A-07E3BEC29A6D}.Release|x86.ActiveCfg = Release|Any CPU
		{352D9E31-9171-42CF-A18A-07E3BEC29A6D}.Release|x86.Build.0 = Release|Any CPU
		{7216F610-4CB6-4FFB-A9C1-BE8EA3D0FDDE}.Debug|Any CPU.ActiveCfg = Debug|Any CPU
		{7216F610-4CB6-4FFB-A9C1-BE8EA3D0FDDE}.Debug|Any CPU.Build.0 = Debug|Any CPU
		{7216F610-4CB6-4FFB-A9C1-BE8EA3D0FDDE}.Debug|x64.ActiveCfg = Debug|Any CPU
		{7216F610-4CB6-4FFB-A9C1-BE8EA3D0FDDE}.Debug|x64.Build.0 = Debug|Any CPU
		{7216F610-4CB6-4FFB-A9C1-BE8EA3D0FDDE}.Debug|x86.ActiveCfg = Debug|Any CPU
		{7216F610-4CB6-4FFB-A9C1-BE8EA3D0FDDE}.Debug|x86.Build.0 = Debug|Any CPU
		{7216F610-4CB6-4FFB-A9C1-BE8EA3D0FDDE}.Release|Any CPU.ActiveCfg = Release|Any CPU
		{7216F610-4CB6-4FFB-A9C1-BE8EA3D0FDDE}.Release|Any CPU.Build.0 = Release|Any CPU
		{7216F610-4CB6-4FFB-A9C1-BE8EA3D0FDDE}.Release|x64.ActiveCfg = Release|Any CPU
		{7216F610-4CB6-4FFB-A9C1-BE8EA3D0FDDE}.Release|x64.Build.0 = Release|Any CPU
		{7216F610-4CB6-4FFB-A9C1-BE8EA3D0FDDE}.Release|x86.ActiveCfg = Release|Any CPU
		{7216F610-4CB6-4FFB-A9C1-BE8EA3D0FDDE}.Release|x86.Build.0 = Release|Any CPU
		{3E062499-07DC-4503-A581-F25241B25C76}.Debug|Any CPU.ActiveCfg = Debug|Any CPU
		{3E062499-07DC-4503-A581-F25241B25C76}.Debug|Any CPU.Build.0 = Debug|Any CPU
		{3E062499-07DC-4503-A581-F25241B25C76}.Debug|x64.ActiveCfg = Debug|Any CPU
		{3E062499-07DC-4503-A581-F25241B25C76}.Debug|x64.Build.0 = Debug|Any CPU
		{3E062499-07DC-4503-A581-F25241B25C76}.Debug|x86.ActiveCfg = Debug|Any CPU
		{3E062499-07DC-4503-A581-F25241B25C76}.Debug|x86.Build.0 = Debug|Any CPU
		{3E062499-07DC-4503-A581-F25241B25C76}.Release|Any CPU.ActiveCfg = Release|Any CPU
		{3E062499-07DC-4503-A581-F25241B25C76}.Release|Any CPU.Build.0 = Release|Any CPU
		{3E062499-07DC-4503-A581-F25241B25C76}.Release|x64.ActiveCfg = Release|Any CPU
		{3E062499-07DC-4503-A581-F25241B25C76}.Release|x64.Build.0 = Release|Any CPU
		{3E062499-07DC-4503-A581-F25241B25C76}.Release|x86.ActiveCfg = Release|Any CPU
		{3E062499-07DC-4503-A581-F25241B25C76}.Release|x86.Build.0 = Release|Any CPU
	EndGlobalSection
	GlobalSection(SolutionProperties) = preSolution
		HideSolutionNode = FALSE
	EndGlobalSection
	GlobalSection(NestedProjects) = preSolution
		{8C7779D7-3DF6-4CE6-AB8E-E1817617BFB6} = {88DC3DC0-4EC0-4073-A2C8-D03FFDACA728}
		{7345894B-C903-4DC4-9DB0-687F24329E13} = {88DC3DC0-4EC0-4073-A2C8-D03FFDACA728}
		{94EC0B39-2202-407A-9D30-138B1B400E78} = {88DC3DC0-4EC0-4073-A2C8-D03FFDACA728}
		{B07A9D66-A5FE-46AF-8E33-DB9DCC1BD7D0} = {88DC3DC0-4EC0-4073-A2C8-D03FFDACA728}
		{082F8608-EA93-4850-B34D-5EB2F8C78213} = {88DC3DC0-4EC0-4073-A2C8-D03FFDACA728}
		{36178C4F-8477-495A-92BC-D8AF1CC64B6A} = {429E4E3B-7CDB-4ABE-96DB-EBFF4494B3B3}
		{BBECCBAB-FF22-4D4B-80AA-DC275DADBD66} = {429E4E3B-7CDB-4ABE-96DB-EBFF4494B3B3}
		{8F53ED31-033E-45FA-9700-9CD3DC29D6D2} = {429E4E3B-7CDB-4ABE-96DB-EBFF4494B3B3}
		{F54A42F2-91A0-4087-AA4C-384F634AB390} = {429E4E3B-7CDB-4ABE-96DB-EBFF4494B3B3}
		{DF5FCA86-1B7A-4A87-953E-94ED0E8890B0} = {88DC3DC0-4EC0-4073-A2C8-D03FFDACA728}
		{BD83F35D-ACDD-49B3-AFEA-4C8C0A247B80} = {429E4E3B-7CDB-4ABE-96DB-EBFF4494B3B3}
		{352D9E31-9171-42CF-A18A-07E3BEC29A6D} = {827E0CD3-B72D-47B6-A68D-7590B98EB39B}
		{7216F610-4CB6-4FFB-A9C1-BE8EA3D0FDDE} = {827E0CD3-B72D-47B6-A68D-7590B98EB39B}
		{3E062499-07DC-4503-A581-F25241B25C76} = {429E4E3B-7CDB-4ABE-96DB-EBFF4494B3B3}
	EndGlobalSection
EndGlobal
