
Microsoft Visual Studio Solution File, Format Version 12.00
# Visual Studio Version 16
VisualStudioVersion = 16.0.0.0
MinimumVisualStudioVersion = 16.0.0.0
Project("{940B40AA-7CEA-402D-AEF4-8EA4A7888089}") = "WebApp", "WebApp\WebApp.csproj", "{5FD43B07-AE69-4E35-B601-3B78A86945F3}"
EndProject
Project("{940B40AA-7CEA-402D-AEF4-8EA4A7888089}") = "WebApp.Client", "WebApp.Client\WebApp.Client.csproj", "{520A061A-A025-429C-A1F5-D53A438AFD5C}"
EndProject
Project("{FAE04EC0-301F-11D3-BF4B-00C04F79EFBC}") = "HotDice.Infrastructure", "HotDice.Infrastructure\HotDice.Infrastructure.csproj", "{16FE6289-2D6D-4BA3-B5FD-524F0A0CB1A6}"
EndProject
Project("{FAE04EC0-301F-11D3-BF4B-00C04F79EFBC}") = "HotDice", "HotDice\HotDice.csproj", "{19798B33-2C29-4955-AFFD-ACBB1227232D}"
EndProject
Project("{FAE04EC0-301F-11D3-BF4B-00C04F79EFBC}") = "Blazor.Dice", "Blazor.Dice\Blazor.Dice.csproj", "{1B7F738F-481F-4B57-BC57-81E6ECFA6A1C}"
EndProject
Project("{FAE04EC0-301F-11D3-BF4B-00C04F79EFBC}") = "HotDice.Shared", "HotDice.Shared\HotDice.Shared.csproj", "{EBB46020-0181-4263-A06E-5DD7D442833F}"
EndProject
Global
	GlobalSection(SolutionConfigurationPlatforms) = preSolution
		Debug|Any CPU = Debug|Any CPU
		Debug|x64 = Debug|x64
		Debug|x86 = Debug|x86
		Release|Any CPU = Release|Any CPU
		Release|x64 = Release|x64
		Release|x86 = Release|x86
	EndGlobalSection
	GlobalSection(ProjectConfigurationPlatforms) = postSolution
		{5FD43B07-AE69-4E35-B601-3B78A86945F3}.Debug|Any CPU.ActiveCfg = Debug|Any CPU
		{5FD43B07-AE69-4E35-B601-3B78A86945F3}.Debug|Any CPU.Build.0 = Debug|Any CPU
		{5FD43B07-AE69-4E35-B601-3B78A86945F3}.Debug|x64.ActiveCfg = Debug|Any CPU
		{5FD43B07-AE69-4E35-B601-3B78A86945F3}.Debug|x64.Build.0 = Debug|Any CPU
		{5FD43B07-AE69-4E35-B601-3B78A86945F3}.Debug|x86.ActiveCfg = Debug|Any CPU
		{5FD43B07-AE69-4E35-B601-3B78A86945F3}.Debug|x86.Build.0 = Debug|Any CPU
		{5FD43B07-AE69-4E35-B601-3B78A86945F3}.Release|Any CPU.ActiveCfg = Release|Any CPU
		{5FD43B07-AE69-4E35-B601-3B78A86945F3}.Release|Any CPU.Build.0 = Release|Any CPU
		{5FD43B07-AE69-4E35-B601-3B78A86945F3}.Release|x64.ActiveCfg = Release|Any CPU
		{5FD43B07-AE69-4E35-B601-3B78A86945F3}.Release|x64.Build.0 = Release|Any CPU
		{5FD43B07-AE69-4E35-B601-3B78A86945F3}.Release|x86.ActiveCfg = Release|Any CPU
		{5FD43B07-AE69-4E35-B601-3B78A86945F3}.Release|x86.Build.0 = Release|Any CPU
		{520A061A-A025-429C-A1F5-D53A438AFD5C}.Debug|Any CPU.ActiveCfg = Debug|Any CPU
		{520A061A-A025-429C-A1F5-D53A438AFD5C}.Debug|Any CPU.Build.0 = Debug|Any CPU
		{520A061A-A025-429C-A1F5-D53A438AFD5C}.Debug|x64.ActiveCfg = Debug|Any CPU
		{520A061A-A025-429C-A1F5-D53A438AFD5C}.Debug|x64.Build.0 = Debug|Any CPU
		{520A061A-A025-429C-A1F5-D53A438AFD5C}.Debug|x86.ActiveCfg = Debug|Any CPU
		{520A061A-A025-429C-A1F5-D53A438AFD5C}.Debug|x86.Build.0 = Debug|Any CPU
		{520A061A-A025-429C-A1F5-D53A438AFD5C}.Release|Any CPU.ActiveCfg = Release|Any CPU
		{520A061A-A025-429C-A1F5-D53A438AFD5C}.Release|Any CPU.Build.0 = Release|Any CPU
		{520A061A-A025-429C-A1F5-D53A438AFD5C}.Release|x64.ActiveCfg = Release|Any CPU
		{520A061A-A025-429C-A1F5-D53A438AFD5C}.Release|x64.Build.0 = Release|Any CPU
		{520A061A-A025-429C-A1F5-D53A438AFD5C}.Release|x86.ActiveCfg = Release|Any CPU
		{520A061A-A025-429C-A1F5-D53A438AFD5C}.Release|x86.Build.0 = Release|Any CPU
		{16FE6289-2D6D-4BA3-B5FD-524F0A0CB1A6}.Debug|Any CPU.ActiveCfg = Debug|Any CPU
		{16FE6289-2D6D-4BA3-B5FD-524F0A0CB1A6}.Debug|Any CPU.Build.0 = Debug|Any CPU
		{16FE6289-2D6D-4BA3-B5FD-524F0A0CB1A6}.Debug|x64.ActiveCfg = Debug|Any CPU
		{16FE6289-2D6D-4BA3-B5FD-524F0A0CB1A6}.Debug|x64.Build.0 = Debug|Any CPU
		{16FE6289-2D6D-4BA3-B5FD-524F0A0CB1A6}.Debug|x86.ActiveCfg = Debug|Any CPU
		{16FE6289-2D6D-4BA3-B5FD-524F0A0CB1A6}.Debug|x86.Build.0 = Debug|Any CPU
		{16FE6289-2D6D-4BA3-B5FD-524F0A0CB1A6}.Release|Any CPU.ActiveCfg = Release|Any CPU
		{16FE6289-2D6D-4BA3-B5FD-524F0A0CB1A6}.Release|Any CPU.Build.0 = Release|Any CPU
		{16FE6289-2D6D-4BA3-B5FD-524F0A0CB1A6}.Release|x64.ActiveCfg = Release|Any CPU
		{16FE6289-2D6D-4BA3-B5FD-524F0A0CB1A6}.Release|x64.Build.0 = Release|Any CPU
		{16FE6289-2D6D-4BA3-B5FD-524F0A0CB1A6}.Release|x86.ActiveCfg = Release|Any CPU
		{16FE6289-2D6D-4BA3-B5FD-524F0A0CB1A6}.Release|x86.Build.0 = Release|Any CPU
		{19798B33-2C29-4955-AFFD-ACBB1227232D}.Debug|Any CPU.ActiveCfg = Debug|Any CPU
		{19798B33-2C29-4955-AFFD-ACBB1227232D}.Debug|Any CPU.Build.0 = Debug|Any CPU
		{19798B33-2C29-4955-AFFD-ACBB1227232D}.Debug|x64.ActiveCfg = Debug|Any CPU
		{19798B33-2C29-4955-AFFD-ACBB1227232D}.Debug|x64.Build.0 = Debug|Any CPU
		{19798B33-2C29-4955-AFFD-ACBB1227232D}.Debug|x86.ActiveCfg = Debug|Any CPU
		{19798B33-2C29-4955-AFFD-ACBB1227232D}.Debug|x86.Build.0 = Debug|Any CPU
		{19798B33-2C29-4955-AFFD-ACBB1227232D}.Release|Any CPU.ActiveCfg = Release|Any CPU
		{19798B33-2C29-4955-AFFD-ACBB1227232D}.Release|Any CPU.Build.0 = Release|Any CPU
		{19798B33-2C29-4955-AFFD-ACBB1227232D}.Release|x64.ActiveCfg = Release|Any CPU
		{19798B33-2C29-4955-AFFD-ACBB1227232D}.Release|x64.Build.0 = Release|Any CPU
		{19798B33-2C29-4955-AFFD-ACBB1227232D}.Release|x86.ActiveCfg = Release|Any CPU
		{19798B33-2C29-4955-AFFD-ACBB1227232D}.Release|x86.Build.0 = Release|Any CPU
		{1B7F738F-481F-4B57-BC57-81E6ECFA6A1C}.Debug|Any CPU.ActiveCfg = Debug|Any CPU
		{1B7F738F-481F-4B57-BC57-81E6ECFA6A1C}.Debug|Any CPU.Build.0 = Debug|Any CPU
		{1B7F738F-481F-4B57-BC57-81E6ECFA6A1C}.Debug|x64.ActiveCfg = Debug|Any CPU
		{1B7F738F-481F-4B57-BC57-81E6ECFA6A1C}.Debug|x64.Build.0 = Debug|Any CPU
		{1B7F738F-481F-4B57-BC57-81E6ECFA6A1C}.Debug|x86.ActiveCfg = Debug|Any CPU
		{1B7F738F-481F-4B57-BC57-81E6ECFA6A1C}.Debug|x86.Build.0 = Debug|Any CPU
		{1B7F738F-481F-4B57-BC57-81E6ECFA6A1C}.Release|Any CPU.ActiveCfg = Release|Any CPU
		{1B7F738F-481F-4B57-BC57-81E6ECFA6A1C}.Release|Any CPU.Build.0 = Release|Any CPU
		{1B7F738F-481F-4B57-BC57-81E6ECFA6A1C}.Release|x64.ActiveCfg = Release|Any CPU
		{1B7F738F-481F-4B57-BC57-81E6ECFA6A1C}.Release|x64.Build.0 = Release|Any CPU
		{1B7F738F-481F-4B57-BC57-81E6ECFA6A1C}.Release|x86.ActiveCfg = Release|Any CPU
		{1B7F738F-481F-4B57-BC57-81E6ECFA6A1C}.Release|x86.Build.0 = Release|Any CPU
		{EBB46020-0181-4263-A06E-5DD7D442833F}.Debug|Any CPU.ActiveCfg = Debug|Any CPU
		{EBB46020-0181-4263-A06E-5DD7D442833F}.Debug|Any CPU.Build.0 = Debug|Any CPU
		{EBB46020-0181-4263-A06E-5DD7D442833F}.Debug|x64.ActiveCfg = Debug|Any CPU
		{EBB46020-0181-4263-A06E-5DD7D442833F}.Debug|x64.Build.0 = Debug|Any CPU
		{EBB46020-0181-4263-A06E-5DD7D442833F}.Debug|x86.ActiveCfg = Debug|Any CPU
		{EBB46020-0181-4263-A06E-5DD7D442833F}.Debug|x86.Build.0 = Debug|Any CPU
		{EBB46020-0181-4263-A06E-5DD7D442833F}.Release|Any CPU.ActiveCfg = Release|Any CPU
		{EBB46020-0181-4263-A06E-5DD7D442833F}.Release|Any CPU.Build.0 = Release|Any CPU
		{EBB46020-0181-4263-A06E-5DD7D442833F}.Release|x64.ActiveCfg = Release|Any CPU
		{EBB46020-0181-4263-A06E-5DD7D442833F}.Release|x64.Build.0 = Release|Any CPU
		{EBB46020-0181-4263-A06E-5DD7D442833F}.Release|x86.ActiveCfg = Release|Any CPU
		{EBB46020-0181-4263-A06E-5DD7D442833F}.Release|x86.Build.0 = Release|Any CPU
	EndGlobalSection
	GlobalSection(SolutionProperties) = preSolution
		HideSolutionNode = FALSE
	EndGlobalSection
	GlobalSection(ExtensibilityGlobals) = postSolution
		SolutionGuid = {6E60F113-6ABD-473E-B9D5-C70567856D2F}
	EndGlobalSection
EndGlobal
